// !$*UTF8*$!
{
	archiveVersion = 1;
	classes = {
	};
	objectVersion = 56;
	objects = {

/* Begin PBXBuildFile section */
		8789614E2C08ADA6000C701A /* GitFollowersButton.swift in Sources */ = {isa = PBXBuildFile; fileRef = 8789614D2C08ADA6000C701A /* GitFollowersButton.swift */; };
		878961502C08B053000C701A /* GitFollowersTextField.swift in Sources */ = {isa = PBXBuildFile; fileRef = 8789614F2C08B053000C701A /* GitFollowersTextField.swift */; };
		878961522C08C30D000C701A /* FollowerListViewController.swift in Sources */ = {isa = PBXBuildFile; fileRef = 878961512C08C30D000C701A /* FollowerListViewController.swift */; };
		87A07EF62C08E79700E1DD4C /* GFTitleLabel.swift in Sources */ = {isa = PBXBuildFile; fileRef = 87A07EF52C08E79700E1DD4C /* GFTitleLabel.swift */; };
		87A07EF82C08E92000E1DD4C /* GFBodyLabel.swift in Sources */ = {isa = PBXBuildFile; fileRef = 87A07EF72C08E92000E1DD4C /* GFBodyLabel.swift */; };
		87A07EFA2C08EA6B00E1DD4C /* GFAlertViewController.swift in Sources */ = {isa = PBXBuildFile; fileRef = 87A07EF92C08EA6B00E1DD4C /* GFAlertViewController.swift */; };
		87A07EFC2C08F24F00E1DD4C /* UIViewController+Extension.swift in Sources */ = {isa = PBXBuildFile; fileRef = 87A07EFB2C08F24F00E1DD4C /* UIViewController+Extension.swift */; };
		87A07EFE2C098CA400E1DD4C /* GFContainerView.swift in Sources */ = {isa = PBXBuildFile; fileRef = 87A07EFD2C098CA400E1DD4C /* GFContainerView.swift */; };
		87A07F042C09AE8100E1DD4C /* Follower.swift in Sources */ = {isa = PBXBuildFile; fileRef = 87A07F032C09AE8100E1DD4C /* Follower.swift */; };
		87A07F062C09AF6100E1DD4C /* User.swift in Sources */ = {isa = PBXBuildFile; fileRef = 87A07F052C09AF6100E1DD4C /* User.swift */; };
		87A07F092C09DDAD00E1DD4C /* NetworkManager.swift in Sources */ = {isa = PBXBuildFile; fileRef = 87A07F082C09DDAD00E1DD4C /* NetworkManager.swift */; };
		87A07F0C2C09ED7200E1DD4C /* GFError.swift in Sources */ = {isa = PBXBuildFile; fileRef = 87A07F0B2C09ED7100E1DD4C /* GFError.swift */; };
		87A07F0F2C0A00D200E1DD4C /* FollowerCell.swift in Sources */ = {isa = PBXBuildFile; fileRef = 87A07F0E2C0A00D200E1DD4C /* FollowerCell.swift */; };
		87A07F112C0A017900E1DD4C /* AvatarImageView.swift in Sources */ = {isa = PBXBuildFile; fileRef = 87A07F102C0A017900E1DD4C /* AvatarImageView.swift */; };
		87A07F132C0A20B100E1DD4C /* UIHelper.swift in Sources */ = {isa = PBXBuildFile; fileRef = 87A07F122C0A20B100E1DD4C /* UIHelper.swift */; };
		87A07F222C0B2BDC00E1DD4C /* GFEmptyStateView.swift in Sources */ = {isa = PBXBuildFile; fileRef = 87A07F212C0B2BDC00E1DD4C /* GFEmptyStateView.swift */; };
		87A07F242C0C507900E1DD4C /* UserInfoViewController.swift in Sources */ = {isa = PBXBuildFile; fileRef = 87A07F232C0C507900E1DD4C /* UserInfoViewController.swift */; };
		87A07F262C0C633900E1DD4C /* GFUserInfoHeaderViewController.swift in Sources */ = {isa = PBXBuildFile; fileRef = 87A07F252C0C633900E1DD4C /* GFUserInfoHeaderViewController.swift */; };
		87A07F282C0C63A400E1DD4C /* GFSecondaryTitleLabel.swift in Sources */ = {isa = PBXBuildFile; fileRef = 87A07F272C0C63A400E1DD4C /* GFSecondaryTitleLabel.swift */; };
		87A07F2A2C0C928B00E1DD4C /* UserItemInfoView.swift in Sources */ = {isa = PBXBuildFile; fileRef = 87A07F292C0C928B00E1DD4C /* UserItemInfoView.swift */; };
		87A07F2C2C0C97BA00E1DD4C /* UserItemInfoViewController.swift in Sources */ = {isa = PBXBuildFile; fileRef = 87A07F2B2C0C97BA00E1DD4C /* UserItemInfoViewController.swift */; };
		87A07F2E2C0C9D6B00E1DD4C /* GFRepoItemViewController.swift in Sources */ = {isa = PBXBuildFile; fileRef = 87A07F2D2C0C9D6B00E1DD4C /* GFRepoItemViewController.swift */; };
		87A07F302C0C9F5100E1DD4C /* GFFollowerItemViewController.swift in Sources */ = {isa = PBXBuildFile; fileRef = 87A07F2F2C0C9F5100E1DD4C /* GFFollowerItemViewController.swift */; };
		87A07F332C0CA9A900E1DD4C /* UserInfoViewControllerDelegate.swift in Sources */ = {isa = PBXBuildFile; fileRef = 87A07F322C0CA9A900E1DD4C /* UserInfoViewControllerDelegate.swift */; };
		87A07F362C0CACA900E1DD4C /* FollowerListViewControllerDelegate.swift in Sources */ = {isa = PBXBuildFile; fileRef = 87A07F352C0CACA900E1DD4C /* FollowerListViewControllerDelegate.swift */; };
		87A07F382C0CBB8400E1DD4C /* PersistenceManager.swift in Sources */ = {isa = PBXBuildFile; fileRef = 87A07F372C0CBB8400E1DD4C /* PersistenceManager.swift */; };
		87A07F3A2C0CD12A00E1DD4C /* FavoriteTableViewCell.swift in Sources */ = {isa = PBXBuildFile; fileRef = 87A07F392C0CD12A00E1DD4C /* FavoriteTableViewCell.swift */; };
		87A6B3F52C088EBC0000A67A /* AppDelegate.swift in Sources */ = {isa = PBXBuildFile; fileRef = 87A6B3F42C088EBC0000A67A /* AppDelegate.swift */; };
		87A6B3F72C088EBC0000A67A /* SceneDelegate.swift in Sources */ = {isa = PBXBuildFile; fileRef = 87A6B3F62C088EBC0000A67A /* SceneDelegate.swift */; };
		87A6B3FE2C088EC30000A67A /* Assets.xcassets in Resources */ = {isa = PBXBuildFile; fileRef = 87A6B3FD2C088EC30000A67A /* Assets.xcassets */; };
		87A6B4012C088EC30000A67A /* LaunchScreen.storyboard in Resources */ = {isa = PBXBuildFile; fileRef = 87A6B3FF2C088EC30000A67A /* LaunchScreen.storyboard */; };
		87A6B4092C0898BD0000A67A /* SearchViewController.swift in Sources */ = {isa = PBXBuildFile; fileRef = 87A6B4082C0898BC0000A67A /* SearchViewController.swift */; };
		87A6B40B2C0898DA0000A67A /* FavoritesListViewController.swift in Sources */ = {isa = PBXBuildFile; fileRef = 87A6B40A2C0898DA0000A67A /* FavoritesListViewController.swift */; };
/* End PBXBuildFile section */

/* Begin PBXFileReference section */
		8789614D2C08ADA6000C701A /* GitFollowersButton.swift */ = {isa = PBXFileReference; lastKnownFileType = sourcecode.swift; path = GitFollowersButton.swift; sourceTree = "<group>"; };
		8789614F2C08B053000C701A /* GitFollowersTextField.swift */ = {isa = PBXFileReference; lastKnownFileType = sourcecode.swift; path = GitFollowersTextField.swift; sourceTree = "<group>"; };
		878961512C08C30D000C701A /* FollowerListViewController.swift */ = {isa = PBXFileReference; lastKnownFileType = sourcecode.swift; path = FollowerListViewController.swift; sourceTree = "<group>"; };
		87A07EF52C08E79700E1DD4C /* GFTitleLabel.swift */ = {isa = PBXFileReference; lastKnownFileType = sourcecode.swift; path = GFTitleLabel.swift; sourceTree = "<group>"; };
		87A07EF72C08E92000E1DD4C /* GFBodyLabel.swift */ = {isa = PBXFileReference; lastKnownFileType = sourcecode.swift; path = GFBodyLabel.swift; sourceTree = "<group>"; };
		87A07EF92C08EA6B00E1DD4C /* GFAlertViewController.swift */ = {isa = PBXFileReference; lastKnownFileType = sourcecode.swift; path = GFAlertViewController.swift; sourceTree = "<group>"; };
		87A07EFB2C08F24F00E1DD4C /* UIViewController+Extension.swift */ = {isa = PBXFileReference; lastKnownFileType = sourcecode.swift; path = "UIViewController+Extension.swift"; sourceTree = "<group>"; };
		87A07EFD2C098CA400E1DD4C /* GFContainerView.swift */ = {isa = PBXFileReference; lastKnownFileType = sourcecode.swift; path = GFContainerView.swift; sourceTree = "<group>"; };
		87A07F032C09AE8100E1DD4C /* Follower.swift */ = {isa = PBXFileReference; lastKnownFileType = sourcecode.swift; path = Follower.swift; sourceTree = "<group>"; };
		87A07F052C09AF6100E1DD4C /* User.swift */ = {isa = PBXFileReference; lastKnownFileType = sourcecode.swift; path = User.swift; sourceTree = "<group>"; };
		87A07F082C09DDAD00E1DD4C /* NetworkManager.swift */ = {isa = PBXFileReference; lastKnownFileType = sourcecode.swift; path = NetworkManager.swift; sourceTree = "<group>"; };
		87A07F0B2C09ED7100E1DD4C /* GFError.swift */ = {isa = PBXFileReference; lastKnownFileType = sourcecode.swift; path = GFError.swift; sourceTree = "<group>"; };
		87A07F0E2C0A00D200E1DD4C /* FollowerCell.swift */ = {isa = PBXFileReference; lastKnownFileType = sourcecode.swift; path = FollowerCell.swift; sourceTree = "<group>"; };
		87A07F102C0A017900E1DD4C /* AvatarImageView.swift */ = {isa = PBXFileReference; lastKnownFileType = sourcecode.swift; path = AvatarImageView.swift; sourceTree = "<group>"; };
		87A07F122C0A20B100E1DD4C /* UIHelper.swift */ = {isa = PBXFileReference; lastKnownFileType = sourcecode.swift; path = UIHelper.swift; sourceTree = "<group>"; };
		87A07F212C0B2BDC00E1DD4C /* GFEmptyStateView.swift */ = {isa = PBXFileReference; lastKnownFileType = sourcecode.swift; path = GFEmptyStateView.swift; sourceTree = "<group>"; };
		87A07F232C0C507900E1DD4C /* UserInfoViewController.swift */ = {isa = PBXFileReference; lastKnownFileType = sourcecode.swift; path = UserInfoViewController.swift; sourceTree = "<group>"; };
		87A07F252C0C633900E1DD4C /* GFUserInfoHeaderViewController.swift */ = {isa = PBXFileReference; lastKnownFileType = sourcecode.swift; path = GFUserInfoHeaderViewController.swift; sourceTree = "<group>"; };
		87A07F272C0C63A400E1DD4C /* GFSecondaryTitleLabel.swift */ = {isa = PBXFileReference; lastKnownFileType = sourcecode.swift; path = GFSecondaryTitleLabel.swift; sourceTree = "<group>"; };
		87A07F292C0C928B00E1DD4C /* UserItemInfoView.swift */ = {isa = PBXFileReference; lastKnownFileType = sourcecode.swift; path = UserItemInfoView.swift; sourceTree = "<group>"; };
		87A07F2B2C0C97BA00E1DD4C /* UserItemInfoViewController.swift */ = {isa = PBXFileReference; lastKnownFileType = sourcecode.swift; path = UserItemInfoViewController.swift; sourceTree = "<group>"; };
		87A07F2D2C0C9D6B00E1DD4C /* GFRepoItemViewController.swift */ = {isa = PBXFileReference; lastKnownFileType = sourcecode.swift; path = GFRepoItemViewController.swift; sourceTree = "<group>"; };
		87A07F2F2C0C9F5100E1DD4C /* GFFollowerItemViewController.swift */ = {isa = PBXFileReference; lastKnownFileType = sourcecode.swift; path = GFFollowerItemViewController.swift; sourceTree = "<group>"; };
		87A07F322C0CA9A900E1DD4C /* UserInfoViewControllerDelegate.swift */ = {isa = PBXFileReference; lastKnownFileType = sourcecode.swift; path = UserInfoViewControllerDelegate.swift; sourceTree = "<group>"; };
		87A07F352C0CACA900E1DD4C /* FollowerListViewControllerDelegate.swift */ = {isa = PBXFileReference; lastKnownFileType = sourcecode.swift; path = FollowerListViewControllerDelegate.swift; sourceTree = "<group>"; };
		87A07F372C0CBB8400E1DD4C /* PersistenceManager.swift */ = {isa = PBXFileReference; lastKnownFileType = sourcecode.swift; path = PersistenceManager.swift; sourceTree = "<group>"; };
		87A07F392C0CD12A00E1DD4C /* FavoriteTableViewCell.swift */ = {isa = PBXFileReference; lastKnownFileType = sourcecode.swift; path = FavoriteTableViewCell.swift; sourceTree = "<group>"; };
		87A6B3F12C088EBC0000A67A /* GHFollowers.app */ = {isa = PBXFileReference; explicitFileType = wrapper.application; includeInIndex = 0; path = GHFollowers.app; sourceTree = BUILT_PRODUCTS_DIR; };
		87A6B3F42C088EBC0000A67A /* AppDelegate.swift */ = {isa = PBXFileReference; lastKnownFileType = sourcecode.swift; path = AppDelegate.swift; sourceTree = "<group>"; };
		87A6B3F62C088EBC0000A67A /* SceneDelegate.swift */ = {isa = PBXFileReference; lastKnownFileType = sourcecode.swift; path = SceneDelegate.swift; sourceTree = "<group>"; };
		87A6B3FD2C088EC30000A67A /* Assets.xcassets */ = {isa = PBXFileReference; lastKnownFileType = folder.assetcatalog; path = Assets.xcassets; sourceTree = "<group>"; };
		87A6B4002C088EC30000A67A /* Base */ = {isa = PBXFileReference; lastKnownFileType = file.storyboard; name = Base; path = Base.lproj/LaunchScreen.storyboard; sourceTree = "<group>"; };
		87A6B4022C088EC30000A67A /* Info.plist */ = {isa = PBXFileReference; lastKnownFileType = text.plist.xml; path = Info.plist; sourceTree = "<group>"; };
		87A6B4082C0898BC0000A67A /* SearchViewController.swift */ = {isa = PBXFileReference; lastKnownFileType = sourcecode.swift; path = SearchViewController.swift; sourceTree = "<group>"; };
		87A6B40A2C0898DA0000A67A /* FavoritesListViewController.swift */ = {isa = PBXFileReference; lastKnownFileType = sourcecode.swift; path = FavoritesListViewController.swift; sourceTree = "<group>"; };
/* End PBXFileReference section */

/* Begin PBXFrameworksBuildPhase section */
		87A6B3EE2C088EBC0000A67A /* Frameworks */ = {
			isa = PBXFrameworksBuildPhase;
			buildActionMask = 2147483647;
			files = (
			);
			runOnlyForDeploymentPostprocessing = 0;
		};
/* End PBXFrameworksBuildPhase section */

/* Begin PBXGroup section */
		87A07EFF2C09A84300E1DD4C /* Screens */ = {
			isa = PBXGroup;
			children = (
				87A6B40A2C0898DA0000A67A /* FavoritesListViewController.swift */,
				878961512C08C30D000C701A /* FollowerListViewController.swift */,
				87A6B4082C0898BC0000A67A /* SearchViewController.swift */,
				87A07F232C0C507900E1DD4C /* UserInfoViewController.swift */,
			);
			path = Screens;
			sourceTree = "<group>";
		};
		87A07F002C09A89200E1DD4C /* Views */ = {
			isa = PBXGroup;
			children = (
				87A07F202C0B2B5D00E1DD4C /* View Controllers */,
				87A07F1F2C0B2B5300E1DD4C /* Labels */,
				87A07F1E2C0B2B4400E1DD4C /* ImageViews */,
				87A07F1D2C0B2B3A00E1DD4C /* TextFields */,
				87A07F1C2C0B2B2900E1DD4C /* Buttons */,
				87A07F1B2C0B2B1500E1DD4C /* Custom Views */,
				87A07F0D2C0A00A600E1DD4C /* Cells */,
			);
			path = Views;
			sourceTree = "<group>";
		};
		87A07F012C09A92500E1DD4C /* Extensions */ = {
			isa = PBXGroup;
			children = (
				87A07EFB2C08F24F00E1DD4C /* UIViewController+Extension.swift */,
			);
			path = Extensions;
			sourceTree = "<group>";
		};
		87A07F022C09AE6B00E1DD4C /* Model */ = {
			isa = PBXGroup;
			children = (
				87A07F032C09AE8100E1DD4C /* Follower.swift */,
				87A07F052C09AF6100E1DD4C /* User.swift */,
			);
			path = Model;
			sourceTree = "<group>";
		};
		87A07F072C09DD9D00E1DD4C /* Managers */ = {
			isa = PBXGroup;
			children = (
				87A07F372C0CBB8400E1DD4C /* PersistenceManager.swift */,
				87A07F082C09DDAD00E1DD4C /* NetworkManager.swift */,
			);
			path = Managers;
			sourceTree = "<group>";
		};
		87A07F0A2C09ED3E00E1DD4C /* Utilities */ = {
			isa = PBXGroup;
			children = (
				87A07F0B2C09ED7100E1DD4C /* GFError.swift */,
				87A07F122C0A20B100E1DD4C /* UIHelper.swift */,
			);
			path = Utilities;
			sourceTree = "<group>";
		};
		87A07F0D2C0A00A600E1DD4C /* Cells */ = {
			isa = PBXGroup;
			children = (
				87A07F0E2C0A00D200E1DD4C /* FollowerCell.swift */,
				87A07F392C0CD12A00E1DD4C /* FavoriteTableViewCell.swift */,
			);
			path = Cells;
			sourceTree = "<group>";
		};
		87A07F1B2C0B2B1500E1DD4C /* Custom Views */ = {
			isa = PBXGroup;
			children = (
				87A07EFD2C098CA400E1DD4C /* GFContainerView.swift */,
				87A07F212C0B2BDC00E1DD4C /* GFEmptyStateView.swift */,
				87A07F292C0C928B00E1DD4C /* UserItemInfoView.swift */,
			);
			path = "Custom Views";
			sourceTree = "<group>";
		};
		87A07F1C2C0B2B2900E1DD4C /* Buttons */ = {
			isa = PBXGroup;
			children = (
				8789614D2C08ADA6000C701A /* GitFollowersButton.swift */,
			);
			path = Buttons;
			sourceTree = "<group>";
		};
		87A07F1D2C0B2B3A00E1DD4C /* TextFields */ = {
			isa = PBXGroup;
			children = (
				8789614F2C08B053000C701A /* GitFollowersTextField.swift */,
			);
			path = TextFields;
			sourceTree = "<group>";
		};
		87A07F1E2C0B2B4400E1DD4C /* ImageViews */ = {
			isa = PBXGroup;
			children = (
				87A07F102C0A017900E1DD4C /* AvatarImageView.swift */,
			);
			path = ImageViews;
			sourceTree = "<group>";
		};
		87A07F1F2C0B2B5300E1DD4C /* Labels */ = {
			isa = PBXGroup;
			children = (
				87A07EF72C08E92000E1DD4C /* GFBodyLabel.swift */,
				87A07EF52C08E79700E1DD4C /* GFTitleLabel.swift */,
				87A07F272C0C63A400E1DD4C /* GFSecondaryTitleLabel.swift */,
			);
			path = Labels;
			sourceTree = "<group>";
		};
		87A07F202C0B2B5D00E1DD4C /* View Controllers */ = {
			isa = PBXGroup;
			children = (
				87A07F312C0C9F9A00E1DD4C /* ItemInfoViewControllers */,
				87A07EF92C08EA6B00E1DD4C /* GFAlertViewController.swift */,
				87A07F252C0C633900E1DD4C /* GFUserInfoHeaderViewController.swift */,
			);
			path = "View Controllers";
			sourceTree = "<group>";
		};
		87A07F312C0C9F9A00E1DD4C /* ItemInfoViewControllers */ = {
			isa = PBXGroup;
			children = (
				87A07F2B2C0C97BA00E1DD4C /* UserItemInfoViewController.swift */,
				87A07F2D2C0C9D6B00E1DD4C /* GFRepoItemViewController.swift */,
				87A07F2F2C0C9F5100E1DD4C /* GFFollowerItemViewController.swift */,
			);
			path = ItemInfoViewControllers;
			sourceTree = "<group>";
		};
		87A07F342C0CA9B900E1DD4C /* Delegates */ = {
			isa = PBXGroup;
			children = (
				87A07F322C0CA9A900E1DD4C /* UserInfoViewControllerDelegate.swift */,
				87A07F352C0CACA900E1DD4C /* FollowerListViewControllerDelegate.swift */,
			);
			path = Delegates;
			sourceTree = "<group>";
		};
		87A6B3E82C088EBC0000A67A = {
			isa = PBXGroup;
			children = (
				87A6B3F32C088EBC0000A67A /* GHFollowers */,
				87A6B3F22C088EBC0000A67A /* Products */,
			);
			sourceTree = "<group>";
		};
		87A6B3F22C088EBC0000A67A /* Products */ = {
			isa = PBXGroup;
			children = (
				87A6B3F12C088EBC0000A67A /* GHFollowers.app */,
			);
			name = Products;
			sourceTree = "<group>";
		};
		87A6B3F32C088EBC0000A67A /* GHFollowers */ = {
			isa = PBXGroup;
			children = (
				87A07F342C0CA9B900E1DD4C /* Delegates */,
				87A6B4022C088EC30000A67A /* Info.plist */,
				87A6B3F42C088EBC0000A67A /* AppDelegate.swift */,
				87A6B3F62C088EBC0000A67A /* SceneDelegate.swift */,
				87A6B3FD2C088EC30000A67A /* Assets.xcassets */,
				87A07F012C09A92500E1DD4C /* Extensions */,
				87A6B3FF2C088EC30000A67A /* LaunchScreen.storyboard */,
				87A07F072C09DD9D00E1DD4C /* Managers */,
				87A07F022C09AE6B00E1DD4C /* Model */,
				87A07EFF2C09A84300E1DD4C /* Screens */,
				87A07F0A2C09ED3E00E1DD4C /* Utilities */,
				87A07F002C09A89200E1DD4C /* Views */,
			);
			path = GHFollowers;
			sourceTree = "<group>";
		};
/* End PBXGroup section */

/* Begin PBXNativeTarget section */
		87A6B3F02C088EBC0000A67A /* GHFollowers */ = {
			isa = PBXNativeTarget;
			buildConfigurationList = 87A6B4052C088EC30000A67A /* Build configuration list for PBXNativeTarget "GHFollowers" */;
			buildPhases = (
				87A6B3ED2C088EBC0000A67A /* Sources */,
				87A6B3EE2C088EBC0000A67A /* Frameworks */,
				87A6B3EF2C088EBC0000A67A /* Resources */,
			);
			buildRules = (
			);
			dependencies = (
			);
			name = GHFollowers;
			productName = GHFollowers;
			productReference = 87A6B3F12C088EBC0000A67A /* GHFollowers.app */;
			productType = "com.apple.product-type.application";
		};
/* End PBXNativeTarget section */

/* Begin PBXProject section */
		87A6B3E92C088EBC0000A67A /* Project object */ = {
			isa = PBXProject;
			attributes = {
				BuildIndependentTargetsInParallel = 1;
				LastSwiftUpdateCheck = 1520;
				LastUpgradeCheck = 1520;
				TargetAttributes = {
					87A6B3F02C088EBC0000A67A = {
						CreatedOnToolsVersion = 15.2;
					};
				};
			};
			buildConfigurationList = 87A6B3EC2C088EBC0000A67A /* Build configuration list for PBXProject "GHFollowers" */;
			compatibilityVersion = "Xcode 14.0";
			developmentRegion = en;
			hasScannedForEncodings = 0;
			knownRegions = (
				en,
				Base,
			);
			mainGroup = 87A6B3E82C088EBC0000A67A;
			productRefGroup = 87A6B3F22C088EBC0000A67A /* Products */;
			projectDirPath = "";
			projectRoot = "";
			targets = (
				87A6B3F02C088EBC0000A67A /* GHFollowers */,
			);
		};
/* End PBXProject section */

/* Begin PBXResourcesBuildPhase section */
		87A6B3EF2C088EBC0000A67A /* Resources */ = {
			isa = PBXResourcesBuildPhase;
			buildActionMask = 2147483647;
			files = (
				87A6B4012C088EC30000A67A /* LaunchScreen.storyboard in Resources */,
				87A6B3FE2C088EC30000A67A /* Assets.xcassets in Resources */,
			);
			runOnlyForDeploymentPostprocessing = 0;
		};
/* End PBXResourcesBuildPhase section */

/* Begin PBXSourcesBuildPhase section */
		87A6B3ED2C088EBC0000A67A /* Sources */ = {
			isa = PBXSourcesBuildPhase;
			buildActionMask = 2147483647;
			files = (
				87A07EFC2C08F24F00E1DD4C /* UIViewController+Extension.swift in Sources */,
				87A07F242C0C507900E1DD4C /* UserInfoViewController.swift in Sources */,
				878961522C08C30D000C701A /* FollowerListViewController.swift in Sources */,
				87A6B40B2C0898DA0000A67A /* FavoritesListViewController.swift in Sources */,
				87A07F262C0C633900E1DD4C /* GFUserInfoHeaderViewController.swift in Sources */,
				8789614E2C08ADA6000C701A /* GitFollowersButton.swift in Sources */,
				87A07F302C0C9F5100E1DD4C /* GFFollowerItemViewController.swift in Sources */,
				87A07F2E2C0C9D6B00E1DD4C /* GFRepoItemViewController.swift in Sources */,
				87A6B3F52C088EBC0000A67A /* AppDelegate.swift in Sources */,
				87A07F282C0C63A400E1DD4C /* GFSecondaryTitleLabel.swift in Sources */,
				87A07F222C0B2BDC00E1DD4C /* GFEmptyStateView.swift in Sources */,
				87A07EFE2C098CA400E1DD4C /* GFContainerView.swift in Sources */,
				87A07F062C09AF6100E1DD4C /* User.swift in Sources */,
				87A07F362C0CACA900E1DD4C /* FollowerListViewControllerDelegate.swift in Sources */,
				87A07F3A2C0CD12A00E1DD4C /* FavoriteTableViewCell.swift in Sources */,
				87A07F0F2C0A00D200E1DD4C /* FollowerCell.swift in Sources */,
				87A07EFA2C08EA6B00E1DD4C /* GFAlertViewController.swift in Sources */,
				87A07F2C2C0C97BA00E1DD4C /* UserItemInfoViewController.swift in Sources */,
				87A07F112C0A017900E1DD4C /* AvatarImageView.swift in Sources */,
				87A07F042C09AE8100E1DD4C /* Follower.swift in Sources */,
				87A07F132C0A20B100E1DD4C /* UIHelper.swift in Sources */,
				87A6B4092C0898BD0000A67A /* SearchViewController.swift in Sources */,
				87A07F382C0CBB8400E1DD4C /* PersistenceManager.swift in Sources */,
				87A07EF62C08E79700E1DD4C /* GFTitleLabel.swift in Sources */,
				878961502C08B053000C701A /* GitFollowersTextField.swift in Sources */,
				87A07F0C2C09ED7200E1DD4C /* GFError.swift in Sources */,
				87A07F092C09DDAD00E1DD4C /* NetworkManager.swift in Sources */,
				87A07F332C0CA9A900E1DD4C /* UserInfoViewControllerDelegate.swift in Sources */,
				87A6B3F72C088EBC0000A67A /* SceneDelegate.swift in Sources */,
				87A07F2A2C0C928B00E1DD4C /* UserItemInfoView.swift in Sources */,
				87A07EF82C08E92000E1DD4C /* GFBodyLabel.swift in Sources */,
			);
			runOnlyForDeploymentPostprocessing = 0;
		};
/* End PBXSourcesBuildPhase section */

/* Begin PBXVariantGroup section */
		87A6B3FF2C088EC30000A67A /* LaunchScreen.storyboard */ = {
			isa = PBXVariantGroup;
			children = (
				87A6B4002C088EC30000A67A /* Base */,
			);
			name = LaunchScreen.storyboard;
			sourceTree = "<group>";
		};
/* End PBXVariantGroup section */

/* Begin XCBuildConfiguration section */
		87A6B4032C088EC30000A67A /* Debug */ = {
			isa = XCBuildConfiguration;
			buildSettings = {
				ALWAYS_SEARCH_USER_PATHS = NO;
				ASSETCATALOG_COMPILER_GENERATE_SWIFT_ASSET_SYMBOL_EXTENSIONS = YES;
				CLANG_ANALYZER_NONNULL = YES;
				CLANG_ANALYZER_NUMBER_OBJECT_CONVERSION = YES_AGGRESSIVE;
				CLANG_CXX_LANGUAGE_STANDARD = "gnu++20";
				CLANG_ENABLE_MODULES = YES;
				CLANG_ENABLE_OBJC_ARC = YES;
				CLANG_ENABLE_OBJC_WEAK = YES;
				CLANG_WARN_BLOCK_CAPTURE_AUTORELEASING = YES;
				CLANG_WARN_BOOL_CONVERSION = YES;
				CLANG_WARN_COMMA = YES;
				CLANG_WARN_CONSTANT_CONVERSION = YES;
				CLANG_WARN_DEPRECATED_OBJC_IMPLEMENTATIONS = YES;
				CLANG_WARN_DIRECT_OBJC_ISA_USAGE = YES_ERROR;
				CLANG_WARN_DOCUMENTATION_COMMENTS = YES;
				CLANG_WARN_EMPTY_BODY = YES;
				CLANG_WARN_ENUM_CONVERSION = YES;
				CLANG_WARN_INFINITE_RECURSION = YES;
				CLANG_WARN_INT_CONVERSION = YES;
				CLANG_WARN_NON_LITERAL_NULL_CONVERSION = YES;
				CLANG_WARN_OBJC_IMPLICIT_RETAIN_SELF = YES;
				CLANG_WARN_OBJC_LITERAL_CONVERSION = YES;
				CLANG_WARN_OBJC_ROOT_CLASS = YES_ERROR;
				CLANG_WARN_QUOTED_INCLUDE_IN_FRAMEWORK_HEADER = YES;
				CLANG_WARN_RANGE_LOOP_ANALYSIS = YES;
				CLANG_WARN_STRICT_PROTOTYPES = YES;
				CLANG_WARN_SUSPICIOUS_MOVE = YES;
				CLANG_WARN_UNGUARDED_AVAILABILITY = YES_AGGRESSIVE;
				CLANG_WARN_UNREACHABLE_CODE = YES;
				CLANG_WARN__DUPLICATE_METHOD_MATCH = YES;
				COPY_PHASE_STRIP = NO;
				DEBUG_INFORMATION_FORMAT = dwarf;
				ENABLE_STRICT_OBJC_MSGSEND = YES;
				ENABLE_TESTABILITY = YES;
				ENABLE_USER_SCRIPT_SANDBOXING = YES;
				GCC_C_LANGUAGE_STANDARD = gnu17;
				GCC_DYNAMIC_NO_PIC = NO;
				GCC_NO_COMMON_BLOCKS = YES;
				GCC_OPTIMIZATION_LEVEL = 0;
				GCC_PREPROCESSOR_DEFINITIONS = (
					"DEBUG=1",
					"$(inherited)",
				);
				GCC_WARN_64_TO_32_BIT_CONVERSION = YES;
				GCC_WARN_ABOUT_RETURN_TYPE = YES_ERROR;
				GCC_WARN_UNDECLARED_SELECTOR = YES;
				GCC_WARN_UNINITIALIZED_AUTOS = YES_AGGRESSIVE;
				GCC_WARN_UNUSED_FUNCTION = YES;
				GCC_WARN_UNUSED_VARIABLE = YES;
				IPHONEOS_DEPLOYMENT_TARGET = 17.2;
				LOCALIZATION_PREFERS_STRING_CATALOGS = YES;
				MTL_ENABLE_DEBUG_INFO = INCLUDE_SOURCE;
				MTL_FAST_MATH = YES;
				ONLY_ACTIVE_ARCH = YES;
				SDKROOT = iphoneos;
				SWIFT_ACTIVE_COMPILATION_CONDITIONS = "DEBUG $(inherited)";
				SWIFT_OPTIMIZATION_LEVEL = "-Onone";
			};
			name = Debug;
		};
		87A6B4042C088EC30000A67A /* Release */ = {
			isa = XCBuildConfiguration;
			buildSettings = {
				ALWAYS_SEARCH_USER_PATHS = NO;
				ASSETCATALOG_COMPILER_GENERATE_SWIFT_ASSET_SYMBOL_EXTENSIONS = YES;
				CLANG_ANALYZER_NONNULL = YES;
				CLANG_ANALYZER_NUMBER_OBJECT_CONVERSION = YES_AGGRESSIVE;
				CLANG_CXX_LANGUAGE_STANDARD = "gnu++20";
				CLANG_ENABLE_MODULES = YES;
				CLANG_ENABLE_OBJC_ARC = YES;
				CLANG_ENABLE_OBJC_WEAK = YES;
				CLANG_WARN_BLOCK_CAPTURE_AUTORELEASING = YES;
				CLANG_WARN_BOOL_CONVERSION = YES;
				CLANG_WARN_COMMA = YES;
				CLANG_WARN_CONSTANT_CONVERSION = YES;
				CLANG_WARN_DEPRECATED_OBJC_IMPLEMENTATIONS = YES;
				CLANG_WARN_DIRECT_OBJC_ISA_USAGE = YES_ERROR;
				CLANG_WARN_DOCUMENTATION_COMMENTS = YES;
				CLANG_WARN_EMPTY_BODY = YES;
				CLANG_WARN_ENUM_CONVERSION = YES;
				CLANG_WARN_INFINITE_RECURSION = YES;
				CLANG_WARN_INT_CONVERSION = YES;
				CLANG_WARN_NON_LITERAL_NULL_CONVERSION = YES;
				CLANG_WARN_OBJC_IMPLICIT_RETAIN_SELF = YES;
				CLANG_WARN_OBJC_LITERAL_CONVERSION = YES;
				CLANG_WARN_OBJC_ROOT_CLASS = YES_ERROR;
				CLANG_WARN_QUOTED_INCLUDE_IN_FRAMEWORK_HEADER = YES;
				CLANG_WARN_RANGE_LOOP_ANALYSIS = YES;
				CLANG_WARN_STRICT_PROTOTYPES = YES;
				CLANG_WARN_SUSPICIOUS_MOVE = YES;
				CLANG_WARN_UNGUARDED_AVAILABILITY = YES_AGGRESSIVE;
				CLANG_WARN_UNREACHABLE_CODE = YES;
				CLANG_WARN__DUPLICATE_METHOD_MATCH = YES;
				COPY_PHASE_STRIP = NO;
				DEBUG_INFORMATION_FORMAT = "dwarf-with-dsym";
				ENABLE_NS_ASSERTIONS = NO;
				ENABLE_STRICT_OBJC_MSGSEND = YES;
				ENABLE_USER_SCRIPT_SANDBOXING = YES;
				GCC_C_LANGUAGE_STANDARD = gnu17;
				GCC_NO_COMMON_BLOCKS = YES;
				GCC_WARN_64_TO_32_BIT_CONVERSION = YES;
				GCC_WARN_ABOUT_RETURN_TYPE = YES_ERROR;
				GCC_WARN_UNDECLARED_SELECTOR = YES;
				GCC_WARN_UNINITIALIZED_AUTOS = YES_AGGRESSIVE;
				GCC_WARN_UNUSED_FUNCTION = YES;
				GCC_WARN_UNUSED_VARIABLE = YES;
				IPHONEOS_DEPLOYMENT_TARGET = 17.2;
				LOCALIZATION_PREFERS_STRING_CATALOGS = YES;
				MTL_ENABLE_DEBUG_INFO = NO;
				MTL_FAST_MATH = YES;
				SDKROOT = iphoneos;
				SWIFT_COMPILATION_MODE = wholemodule;
				VALIDATE_PRODUCT = YES;
			};
			name = Release;
		};
		87A6B4062C088EC30000A67A /* Debug */ = {
			isa = XCBuildConfiguration;
			buildSettings = {
				ASSETCATALOG_COMPILER_APPICON_NAME = AppIcon;
				ASSETCATALOG_COMPILER_GLOBAL_ACCENT_COLOR_NAME = AccentColor;
				CODE_SIGN_STYLE = Automatic;
				CURRENT_PROJECT_VERSION = 1;
				DEVELOPMENT_TEAM = A2G4W6GUJA;
				GENERATE_INFOPLIST_FILE = YES;
				INFOPLIST_FILE = GHFollowers/Info.plist;
				INFOPLIST_KEY_UIApplicationSupportsIndirectInputEvents = YES;
				INFOPLIST_KEY_UILaunchStoryboardName = LaunchScreen;
				INFOPLIST_KEY_UIMainStoryboardFile = "";
				INFOPLIST_KEY_UISupportedInterfaceOrientations_iPad = "UIInterfaceOrientationPortrait UIInterfaceOrientationPortraitUpsideDown UIInterfaceOrientationLandscapeLeft UIInterfaceOrientationLandscapeRight";
				INFOPLIST_KEY_UISupportedInterfaceOrientations_iPhone = "UIInterfaceOrientationPortrait UIInterfaceOrientationLandscapeLeft UIInterfaceOrientationLandscapeRight";
				LD_RUNPATH_SEARCH_PATHS = (
					"$(inherited)",
					"@executable_path/Frameworks",
				);
				MARKETING_VERSION = 1.0;
				PRODUCT_BUNDLE_IDENTIFIER = compLex.GHFollowers;
				PRODUCT_NAME = "$(TARGET_NAME)";
				SWIFT_EMIT_LOC_STRINGS = YES;
				SWIFT_VERSION = 5.0;
				TARGETED_DEVICE_FAMILY = "1,2";
			};
			name = Debug;
		};
		87A6B4072C088EC30000A67A /* Release */ = {
			isa = XCBuildConfiguration;
			buildSettings = {
				ASSETCATALOG_COMPILER_APPICON_NAME = AppIcon;
				ASSETCATALOG_COMPILER_GLOBAL_ACCENT_COLOR_NAME = AccentColor;
				CODE_SIGN_STYLE = Automatic;
				CURRENT_PROJECT_VERSION = 1;
				DEVELOPMENT_TEAM = A2G4W6GUJA;
				GENERATE_INFOPLIST_FILE = YES;
				INFOPLIST_FILE = GHFollowers/Info.plist;
				INFOPLIST_KEY_UIApplicationSupportsIndirectInputEvents = YES;
				INFOPLIST_KEY_UILaunchStoryboardName = LaunchScreen;
				INFOPLIST_KEY_UIMainStoryboardFile = "";
				INFOPLIST_KEY_UISupportedInterfaceOrientations_iPad = "UIInterfaceOrientationPortrait UIInterfaceOrientationPortraitUpsideDown UIInterfaceOrientationLandscapeLeft UIInterfaceOrientationLandscapeRight";
				INFOPLIST_KEY_UISupportedInterfaceOrientations_iPhone = "UIInterfaceOrientationPortrait UIInterfaceOrientationLandscapeLeft UIInterfaceOrientationLandscapeRight";
				LD_RUNPATH_SEARCH_PATHS = (
					"$(inherited)",
					"@executable_path/Frameworks",
				);
				MARKETING_VERSION = 1.0;
				PRODUCT_BUNDLE_IDENTIFIER = compLex.GHFollowers;
				PRODUCT_NAME = "$(TARGET_NAME)";
				SWIFT_EMIT_LOC_STRINGS = YES;
				SWIFT_VERSION = 5.0;
				TARGETED_DEVICE_FAMILY = "1,2";
			};
			name = Release;
		};
/* End XCBuildConfiguration section */

/* Begin XCConfigurationList section */
		87A6B3EC2C088EBC0000A67A /* Build configuration list for PBXProject "GHFollowers" */ = {
			isa = XCConfigurationList;
			buildConfigurations = (
				87A6B4032C088EC30000A67A /* Debug */,
				87A6B4042C088EC30000A67A /* Release */,
			);
			defaultConfigurationIsVisible = 0;
			defaultConfigurationName = Release;
		};
		87A6B4052C088EC30000A67A /* Build configuration list for PBXNativeTarget "GHFollowers" */ = {
			isa = XCConfigurationList;
			buildConfigurations = (
				87A6B4062C088EC30000A67A /* Debug */,
				87A6B4072C088EC30000A67A /* Release */,
			);
			defaultConfigurationIsVisible = 0;
			defaultConfigurationName = Release;
		};
/* End XCConfigurationList section */
	};
	rootObject = 87A6B3E92C088EBC0000A67A /* Project object */;
}
